
Microsoft Visual Studio Solution File, Format Version 12.00
# Visual Studio Version 16
VisualStudioVersion = 16.0.30907.101
MinimumVisualStudioVersion = 10.0.40219.1
Project("{FAE04EC0-301F-11D3-BF4B-00C04F79EFBC}") = "AltenTest", "AltenTest.csproj", "{9FC17878-10DE-4ED3-AE98-0BFD518D0B3E}"
EndProject
Global
	GlobalSection(SolutionConfigurationPlatforms) = preSolution
		Debug|Any CPU = Debug|Any CPU
		Release|Any CPU = Release|Any CPU
	EndGlobalSection
	GlobalSection(ProjectConfigurationPlatforms) = postSolution
		{9FC17878-10DE-4ED3-AE98-0BFD518D0B3E}.Debug|Any CPU.ActiveCfg = Debug|Any CPU
		{9FC17878-10DE-4ED3-AE98-0BFD518D0B3E}.Debug|Any CPU.Build.0 = Debug|Any CPU
		{9FC17878-10DE-4ED3-AE98-0BFD518D0B3E}.Release|Any CPU.ActiveCfg = Release|Any CPU
		{9FC17878-10DE-4ED3-AE98-0BFD518D0B3E}.Release|Any CPU.Build.0 = Release|Any CPU
	EndGlobalSection
	GlobalSection(SolutionProperties) = preSolution
		HideSolutionNode = FALSE
	EndGlobalSection
	GlobalSection(ExtensibilityGlobals) = postSolution
		SolutionGuid = {462078D2-E5F4-47FD-906E-94D13494CEE5}
	EndGlobalSection
EndGlobal
